
Microsoft Visual Studio Solution File, Format Version 12.00
# Visual Studio 2013
VisualStudioVersion = 12.0.30723.0
MinimumVisualStudioVersion = 10.0.40219.1
Project("{FAE04EC0-301F-11D3-BF4B-00C04F79EFBC}") = "DeferVox", "DeferVox\DeferVox.csproj", "{5242D4AE-5A8B-4C44-BDBC-D0EF42C2D1A3}"
EndProject
Project("{2150E333-8FDC-42A3-9474-1A3956D46DE8}") = "Games", "Games", "{F35D6D01-B8A6-4B87-AA85-B97A61E611B0}"
EndProject
Project("{FAE04EC0-301F-11D3-BF4B-00C04F79EFBC}") = "RedLine", "Games\RedLine\RedLine.csproj", "{CEFE8E1E-EFF1-45A7-8AA7-A7A734328E91}"
EndProject
Project("{2150E333-8FDC-42A3-9474-1A3956D46DE8}") = ".nuget", ".nuget", "{7DE3D84D-D591-4A53-8951-00B921DD6BAF}"
	ProjectSection(SolutionItems) = preProject
		.nuget\NuGet.Config = .nuget\NuGet.Config
		.nuget\NuGet.exe = .nuget\NuGet.exe
		.nuget\NuGet.targets = .nuget\NuGet.targets
	EndProjectSection
EndProject
Project("{2150E333-8FDC-42A3-9474-1A3956D46DE8}") = "Tests", "Tests", "{EE6D6922-02CB-48A3-BC30-C568E437373D}"
EndProject
Project("{FAE04EC0-301F-11D3-BF4B-00C04F79EFBC}") = "DeferVox.Tests", "Tests\DeferVox.Tests\DeferVox.Tests.csproj", "{4CECD9D2-2E29-4C0A-ADD1-ADD2F17F742C}"
EndProject
Project("{FAE04EC0-301F-11D3-BF4B-00C04F79EFBC}") = "DeferVox.Rendering", "DeferVox.Rendering\DeferVox.Rendering.csproj", "{2933D29C-2661-44EB-9450-814F1CD3CA11}"
EndProject
Project("{FAE04EC0-301F-11D3-BF4B-00C04F79EFBC}") = "DeferVox.Input", "DeferVox.Input\DeferVox.Input.csproj", "{715C2DD2-E1BB-4ED1-B27B-6E57B2D1274A}"
EndProject
Project("{FAE04EC0-301F-11D3-BF4B-00C04F79EFBC}") = "DeferVox.BasicEntities", "DeferVox.BasicEntities\DeferVox.BasicEntities.csproj", "{27112528-5B64-4E41-BF17-4636BC7BA2C3}"
EndProject
Project("{FAE04EC0-301F-11D3-BF4B-00C04F79EFBC}") = "DeferVox.Toolbox", "DeferVox.Toolbox\DeferVox.Toolbox.csproj", "{62165807-5965-432B-81C8-0D43F4305F18}"
EndProject
Project("{FAE04EC0-301F-11D3-BF4B-00C04F79EFBC}") = "DeferVox.Window", "DeferVox.Window\DeferVox.Window.csproj", "{722932D0-5DCD-4DE6-9930-11799F586160}"
EndProject
Global
	GlobalSection(SolutionConfigurationPlatforms) = preSolution
		Debug|Any CPU = Debug|Any CPU
		Release|Any CPU = Release|Any CPU
	EndGlobalSection
	GlobalSection(ProjectConfigurationPlatforms) = postSolution
		{5242D4AE-5A8B-4C44-BDBC-D0EF42C2D1A3}.Debug|Any CPU.ActiveCfg = Debug|Any CPU
		{5242D4AE-5A8B-4C44-BDBC-D0EF42C2D1A3}.Debug|Any CPU.Build.0 = Debug|Any CPU
		{5242D4AE-5A8B-4C44-BDBC-D0EF42C2D1A3}.Release|Any CPU.ActiveCfg = Release|Any CPU
		{5242D4AE-5A8B-4C44-BDBC-D0EF42C2D1A3}.Release|Any CPU.Build.0 = Release|Any CPU
		{CEFE8E1E-EFF1-45A7-8AA7-A7A734328E91}.Debug|Any CPU.ActiveCfg = Debug|Any CPU
		{CEFE8E1E-EFF1-45A7-8AA7-A7A734328E91}.Debug|Any CPU.Build.0 = Debug|Any CPU
		{CEFE8E1E-EFF1-45A7-8AA7-A7A734328E91}.Release|Any CPU.ActiveCfg = Release|Any CPU
		{CEFE8E1E-EFF1-45A7-8AA7-A7A734328E91}.Release|Any CPU.Build.0 = Release|Any CPU
		{4CECD9D2-2E29-4C0A-ADD1-ADD2F17F742C}.Debug|Any CPU.ActiveCfg = Debug|Any CPU
		{4CECD9D2-2E29-4C0A-ADD1-ADD2F17F742C}.Debug|Any CPU.Build.0 = Debug|Any CPU
		{4CECD9D2-2E29-4C0A-ADD1-ADD2F17F742C}.Release|Any CPU.ActiveCfg = Release|Any CPU
		{4CECD9D2-2E29-4C0A-ADD1-ADD2F17F742C}.Release|Any CPU.Build.0 = Release|Any CPU
		{2933D29C-2661-44EB-9450-814F1CD3CA11}.Debug|Any CPU.ActiveCfg = Debug|Any CPU
		{2933D29C-2661-44EB-9450-814F1CD3CA11}.Debug|Any CPU.Build.0 = Debug|Any CPU
		{2933D29C-2661-44EB-9450-814F1CD3CA11}.Release|Any CPU.ActiveCfg = Release|Any CPU
		{2933D29C-2661-44EB-9450-814F1CD3CA11}.Release|Any CPU.Build.0 = Release|Any CPU
		{715C2DD2-E1BB-4ED1-B27B-6E57B2D1274A}.Debug|Any CPU.ActiveCfg = Debug|Any CPU
		{715C2DD2-E1BB-4ED1-B27B-6E57B2D1274A}.Debug|Any CPU.Build.0 = Debug|Any CPU
		{715C2DD2-E1BB-4ED1-B27B-6E57B2D1274A}.Release|Any CPU.ActiveCfg = Release|Any CPU
		{715C2DD2-E1BB-4ED1-B27B-6E57B2D1274A}.Release|Any CPU.Build.0 = Release|Any CPU
		{27112528-5B64-4E41-BF17-4636BC7BA2C3}.Debug|Any CPU.ActiveCfg = Debug|Any CPU
		{27112528-5B64-4E41-BF17-4636BC7BA2C3}.Debug|Any CPU.Build.0 = Debug|Any CPU
		{27112528-5B64-4E41-BF17-4636BC7BA2C3}.Release|Any CPU.ActiveCfg = Release|Any CPU
		{27112528-5B64-4E41-BF17-4636BC7BA2C3}.Release|Any CPU.Build.0 = Release|Any CPU
		{62165807-5965-432B-81C8-0D43F4305F18}.Debug|Any CPU.ActiveCfg = Debug|Any CPU
		{62165807-5965-432B-81C8-0D43F4305F18}.Debug|Any CPU.Build.0 = Debug|Any CPU
		{62165807-5965-432B-81C8-0D43F4305F18}.Release|Any CPU.ActiveCfg = Release|Any CPU
		{62165807-5965-432B-81C8-0D43F4305F18}.Release|Any CPU.Build.0 = Release|Any CPU
		{722932D0-5DCD-4DE6-9930-11799F586160}.Debug|Any CPU.ActiveCfg = Debug|Any CPU
		{722932D0-5DCD-4DE6-9930-11799F586160}.Debug|Any CPU.Build.0 = Debug|Any CPU
		{722932D0-5DCD-4DE6-9930-11799F586160}.Release|Any CPU.ActiveCfg = Release|Any CPU
		{722932D0-5DCD-4DE6-9930-11799F586160}.Release|Any CPU.Build.0 = Release|Any CPU
	EndGlobalSection
	GlobalSection(SolutionProperties) = preSolution
		HideSolutionNode = FALSE
	EndGlobalSection
	GlobalSection(NestedProjects) = preSolution
		{CEFE8E1E-EFF1-45A7-8AA7-A7A734328E91} = {F35D6D01-B8A6-4B87-AA85-B97A61E611B0}
		{4CECD9D2-2E29-4C0A-ADD1-ADD2F17F742C} = {EE6D6922-02CB-48A3-BC30-C568E437373D}
	EndGlobalSection
EndGlobal
