
Microsoft Visual Studio Solution File, Format Version 12.00
# Visual Studio 2013
VisualStudioVersion = 12.0.30723.0
MinimumVisualStudioVersion = 10.0.40219.1
Project("{FAE04EC0-301F-11D3-BF4B-00C04F79EFBC}") = "DeferVox", "DeferVox\DeferVox.csproj", "{5242D4AE-5A8B-4C44-BDBC-D0EF42C2D1A3}"
EndProject
Project("{2150E333-8FDC-42A3-9474-1A3956D46DE8}") = "Games", "Games", "{F35D6D01-B8A6-4B87-AA85-B97A61E611B0}"
EndProject
Project("{FAE04EC0-301F-11D3-BF4B-00C04F79EFBC}") = "RedLine", "Games\RedLine\RedLine.csproj", "{CEFE8E1E-EFF1-45A7-8AA7-A7A734328E91}"
EndProject
Project("{2150E333-8FDC-42A3-9474-1A3956D46DE8}") = ".nuget", ".nuget", "{7DE3D84D-D591-4A53-8951-00B921DD6BAF}"
	ProjectSection(SolutionItems) = preProject
		.nuget\NuGet.Config = .nuget\NuGet.Config
		.nuget\NuGet.exe = .nuget\NuGet.exe
		.nuget\NuGet.targets = .nuget\NuGet.targets
	EndProjectSection
EndProject
Project("{FAE04EC0-301F-11D3-BF4B-00C04F79EFBC}") = "DeferVox.Rendering.Deferred", "DeferVox.Rendering.Deferred\DeferVox.Rendering.Deferred.csproj", "{1E866250-934C-46FF-982F-2A6E51C439A4}"
EndProject
Project("{2150E333-8FDC-42A3-9474-1A3956D46DE8}") = "Tests", "Tests", "{EE6D6922-02CB-48A3-BC30-C568E437373D}"
EndProject
Project("{FAE04EC0-301F-11D3-BF4B-00C04F79EFBC}") = "DeferVox.Tests", "Tests\DeferVox.Tests\DeferVox.Tests.csproj", "{4CECD9D2-2E29-4C0A-ADD1-ADD2F17F742C}"
EndProject
Project("{FAE04EC0-301F-11D3-BF4B-00C04F79EFBC}") = "DeferVox.Voxels", "DeferVox.Voxels\DeferVox.Voxels.csproj", "{E71F16E3-64FA-4B8A-BAB2-5E6EA58AF0C2}"
EndProject
Global
	GlobalSection(SolutionConfigurationPlatforms) = preSolution
		Debug|Any CPU = Debug|Any CPU
		Release|Any CPU = Release|Any CPU
	EndGlobalSection
	GlobalSection(ProjectConfigurationPlatforms) = postSolution
		{5242D4AE-5A8B-4C44-BDBC-D0EF42C2D1A3}.Debug|Any CPU.ActiveCfg = Debug|Any CPU
		{5242D4AE-5A8B-4C44-BDBC-D0EF42C2D1A3}.Debug|Any CPU.Build.0 = Debug|Any CPU
		{5242D4AE-5A8B-4C44-BDBC-D0EF42C2D1A3}.Release|Any CPU.ActiveCfg = Release|Any CPU
		{5242D4AE-5A8B-4C44-BDBC-D0EF42C2D1A3}.Release|Any CPU.Build.0 = Release|Any CPU
		{CEFE8E1E-EFF1-45A7-8AA7-A7A734328E91}.Debug|Any CPU.ActiveCfg = Debug|Any CPU
		{CEFE8E1E-EFF1-45A7-8AA7-A7A734328E91}.Debug|Any CPU.Build.0 = Debug|Any CPU
		{CEFE8E1E-EFF1-45A7-8AA7-A7A734328E91}.Release|Any CPU.ActiveCfg = Release|Any CPU
		{CEFE8E1E-EFF1-45A7-8AA7-A7A734328E91}.Release|Any CPU.Build.0 = Release|Any CPU
		{1E866250-934C-46FF-982F-2A6E51C439A4}.Debug|Any CPU.ActiveCfg = Debug|Any CPU
		{1E866250-934C-46FF-982F-2A6E51C439A4}.Debug|Any CPU.Build.0 = Debug|Any CPU
		{1E866250-934C-46FF-982F-2A6E51C439A4}.Release|Any CPU.ActiveCfg = Release|Any CPU
		{1E866250-934C-46FF-982F-2A6E51C439A4}.Release|Any CPU.Build.0 = Release|Any CPU
		{4CECD9D2-2E29-4C0A-ADD1-ADD2F17F742C}.Debug|Any CPU.ActiveCfg = Debug|Any CPU
		{4CECD9D2-2E29-4C0A-ADD1-ADD2F17F742C}.Debug|Any CPU.Build.0 = Debug|Any CPU
		{4CECD9D2-2E29-4C0A-ADD1-ADD2F17F742C}.Release|Any CPU.ActiveCfg = Release|Any CPU
		{4CECD9D2-2E29-4C0A-ADD1-ADD2F17F742C}.Release|Any CPU.Build.0 = Release|Any CPU
		{E71F16E3-64FA-4B8A-BAB2-5E6EA58AF0C2}.Debug|Any CPU.ActiveCfg = Debug|Any CPU
		{E71F16E3-64FA-4B8A-BAB2-5E6EA58AF0C2}.Debug|Any CPU.Build.0 = Debug|Any CPU
		{E71F16E3-64FA-4B8A-BAB2-5E6EA58AF0C2}.Release|Any CPU.ActiveCfg = Release|Any CPU
		{E71F16E3-64FA-4B8A-BAB2-5E6EA58AF0C2}.Release|Any CPU.Build.0 = Release|Any CPU
	EndGlobalSection
	GlobalSection(SolutionProperties) = preSolution
		HideSolutionNode = FALSE
	EndGlobalSection
	GlobalSection(NestedProjects) = preSolution
		{CEFE8E1E-EFF1-45A7-8AA7-A7A734328E91} = {F35D6D01-B8A6-4B87-AA85-B97A61E611B0}
		{4CECD9D2-2E29-4C0A-ADD1-ADD2F17F742C} = {EE6D6922-02CB-48A3-BC30-C568E437373D}
	EndGlobalSection
EndGlobal
